# THIS IS AN AUTOGENERATED FILE. DO NOT EDIT THIS FILE DIRECTLY.
# yarn lockfile v1


"@babel/helper-validator-identifier@^7.14.5":
  version "7.14.5"
  resolved "https://registry.yarnpkg.com/@babel/helper-validator-identifier/-/helper-validator-identifier-7.14.5.tgz#d0f0e277c512e0c938277faa85a3968c9a44c0e8"
  integrity sha512-5lsetuxCLilmVGyiLEfoHBRX8UCFD+1m2x3Rj97WrW3V7H3u4RWRXA4evMjImCsin2J2YT0QaVDGf+z8ondbAg==

"@babel/parser@^7.12.0":
  version "7.14.7"
  resolved "https://registry.yarnpkg.com/@babel/parser/-/parser-7.14.7.tgz#6099720c8839ca865a2637e6c85852ead0bdb595"
  integrity sha512-X67Z5y+VBJuHB/RjwECp8kSl5uYi0BvRbNeWqkaJCVh+LiTPl19WBUfG627psSgp9rSf6ojuXghQM3ha6qHHdA==

"@babel/types@^7.12.0":
  version "7.14.5"
  resolved "https://registry.yarnpkg.com/@babel/types/-/types-7.14.5.tgz#3bb997ba829a2104cedb20689c4a5b8121d383ff"
  integrity sha512-M/NzBpEL95I5Hh4dwhin5JlE7EzO5PHMAuzjxss3tiOBD46KfQvVedN/3jEPZvdRvtsK2222XfdHogNIttFgcg==
  dependencies:
    "@babel/helper-validator-identifier" "^7.14.5"
    to-fast-properties "^2.0.0"

"@vue/compiler-core@3.1.4":
  version "3.1.4"
  resolved "https://registry.yarnpkg.com/@vue/compiler-core/-/compiler-core-3.1.4.tgz#a3a74cf52e8f01af386d364ac8a099cbeb260424"
  integrity sha512-TnUz+1z0y74O/A4YKAbzsdUfamyHV73MihrEfvettWpm9bQKVoZd1nEmR1cGN9LsXWlwAvVQBetBlWdOjmQO5Q==
  dependencies:
    "@babel/parser" "^7.12.0"
    "@babel/types" "^7.12.0"
    "@vue/shared" "3.1.4"
    estree-walker "^2.0.1"
    source-map "^0.6.1"

"@vue/compiler-dom@3.1.4":
  version "3.1.4"
  resolved "https://registry.yarnpkg.com/@vue/compiler-dom/-/compiler-dom-3.1.4.tgz#bf3795e1449f32c965d38c4ea6d808ca05fdfc97"
  integrity sha512-3tG2ScHkghhUBuFwl9KgyZhrS8CPFZsO7hUDekJgIp5b1OMkROr4AvxHu6rRMl4WkyvYkvidFNBS2VfOnwa6Kw==
  dependencies:
    "@vue/compiler-core" "3.1.4"
    "@vue/shared" "3.1.4"

"@vue/reactivity@3.1.4":
  version "3.1.4"
  resolved "https://registry.yarnpkg.com/@vue/reactivity/-/reactivity-3.1.4.tgz#d926ed46fb0d48582ccf8665b062d37b5d35ba99"
  integrity sha512-YDlgii2Cr9yAoKVZFzgY4j0mYlVT73986X3e5SPp6ifqckSEoFSUWXZK2Tb53TB/9qO29BEEbspnKD3m3wAwkA==
  dependencies:
    "@vue/shared" "3.1.4"

"@vue/runtime-core@3.1.4":
  version "3.1.4"
  resolved "https://registry.yarnpkg.com/@vue/runtime-core/-/runtime-core-3.1.4.tgz#3e30ae6ecbfff06df5adc9414491143191a375ba"
  integrity sha512-qmVJgJuFxfT7M4qHQ4M6KqhKC66fjuswK+aBivE8dWiZ2rtIGl9gtJGpwqwjQEcKEBTOfvvrtrwBncYArJUO8Q==
  dependencies:
    "@vue/reactivity" "3.1.4"
    "@vue/shared" "3.1.4"

"@vue/runtime-dom@3.1.4":
  version "3.1.4"
  resolved "https://registry.yarnpkg.com/@vue/runtime-dom/-/runtime-dom-3.1.4.tgz#acfeee200d5c45fc2cbdf7058cda1498f9b45849"
  integrity sha512-vbmwgTxku1BU87Kw7r29adv0OIrDXCW0PslOPQT0O/9R5SqcXgS94Yj6zsztDjvghegenwIAPNLlDR1Auh5s+w==
  dependencies:
    "@vue/runtime-core" "3.1.4"
    "@vue/shared" "3.1.4"
    csstype "^2.6.8"

"@vue/shared@3.1.4":
  version "3.1.4"
  resolved "https://registry.yarnpkg.com/@vue/shared/-/shared-3.1.4.tgz#c14c461ec42ea2c1556e86f60b0354341d91adc3"
  integrity sha512-6O45kZAmkLvzGLToBxEz4lR2W6kXohCtebV2UxjH9GXjd8X9AhEn68FN9eNanFtWNzvgw1hqd6HkPRVQalqf7Q==

csstype@^2.6.8:
  version "2.6.17"
  resolved "https://registry.yarnpkg.com/csstype/-/csstype-2.6.17.tgz#4cf30eb87e1d1a005d8b6510f95292413f6a1c0e"
  integrity sha512-u1wmTI1jJGzCJzWndZo8mk4wnPTZd1eOIYTYvuEyOQGfmDl3TrabCCfKnOC86FZwW/9djqTl933UF/cS425i9A==

estree-walker@^2.0.1:
  version "2.0.2"
  resolved "https://registry.yarnpkg.com/estree-walker/-/estree-walker-2.0.2.tgz#52f010178c2a4c117a7757cfe942adb7d2da4cac"
  integrity sha512-Rfkk/Mp/DL7JVje3u18FxFujQlTNR2q6QfMSMB7AvCBx91NGj/ba3kCfza0f6dVDbw7YlRf/nDrn7pQrCCyQ/w==

source-map@^0.6.1:
  version "0.6.1"
  resolved "https://registry.yarnpkg.com/source-map/-/source-map-0.6.1.tgz#74722af32e9614e9c287a8d0bbde48b5e2f1a263"
  integrity sha512-UjgapumWlbMhkBgzT7Ykc5YXUT46F0iKu8SGXq0bcwP5dz/h0Plj6enJqjz1Zbq2l5WaqYnrVbwWOWMyF3F47g==

to-fast-properties@^2.0.0:
  version "2.0.0"
  resolved "https://registry.yarnpkg.com/to-fast-properties/-/to-fast-properties-2.0.0.tgz#dc5e698cbd079265bc73e0377681a4e4e83f616e"
  integrity sha1-3F5pjL0HkmW8c+A3doGk5Og/YW4=

typescript@^4.3.5:
  version "4.3.5"
  resolved "https://registry.yarnpkg.com/typescript/-/typescript-4.3.5.tgz#4d1c37cc16e893973c45a06886b7113234f119f4"
  integrity sha512-DqQgihaQ9cUrskJo9kIyW/+g0Vxsk8cDtZ52a3NGh0YNTfpUSArXSohyUGnvbPazEPLu398C0UxmKSOrPumUzA==

vue@^3.0.0:
  version "3.1.4"
  resolved "https://registry.yarnpkg.com/vue/-/vue-3.1.4.tgz#120d6818c51eaa35d0879e5bc1cff60135bc69fd"
  integrity sha512-p8dcdyeCgmaAiZsbLyDkmOLcFGZb/jEVdCLW65V68LRCXTNX8jKsgah2F7OZ/v/Ai2V0Fb1MNO0vz/GFqsPVMA==
  dependencies:
    "@vue/compiler-dom" "3.1.4"
    "@vue/runtime-dom" "3.1.4"
    "@vue/shared" "3.1.4"
